// !$*UTF8*$!
{
	archiveVersion = 1;
	classes = {
	};
	objectVersion = 50;
	objects = {

/* Begin PBXBuildFile section */
		04B3FE8725B43C5700E0AA13 /* AppDelegate.swift in Sources */ = {isa = PBXBuildFile; fileRef = 04B3FE8625B43C5700E0AA13 /* AppDelegate.swift */; };
		04B3FE8925B43C5700E0AA13 /* SceneDelegate.swift in Sources */ = {isa = PBXBuildFile; fileRef = 04B3FE8825B43C5700E0AA13 /* SceneDelegate.swift */; };
		04B3FE8B25B43C5700E0AA13 /* ContentView.swift in Sources */ = {isa = PBXBuildFile; fileRef = 04B3FE8A25B43C5700E0AA13 /* ContentView.swift */; };
		04B3FE8D25B43C5A00E0AA13 /* Assets.xcassets in Resources */ = {isa = PBXBuildFile; fileRef = 04B3FE8C25B43C5A00E0AA13 /* Assets.xcassets */; };
		04B3FE9025B43C5A00E0AA13 /* Preview Assets.xcassets in Resources */ = {isa = PBXBuildFile; fileRef = 04B3FE8F25B43C5A00E0AA13 /* Preview Assets.xcassets */; };
		04B3FE9325B43C5A00E0AA13 /* LaunchScreen.storyboard in Resources */ = {isa = PBXBuildFile; fileRef = 04B3FE9125B43C5A00E0AA13 /* LaunchScreen.storyboard */; };
/* End PBXBuildFile section */

/* Begin PBXFileReference section */
		04A1D29F25C4AE7400D6920F /* README.md */ = {isa = PBXFileReference; lastKnownFileType = net.daringfireball.markdown; path = README.md; sourceTree = "<group>"; };
		04B3FE8325B43C5700E0AA13 /* UnitConversions.app */ = {isa = PBXFileReference; explicitFileType = wrapper.application; includeInIndex = 0; path = UnitConversions.app; sourceTree = BUILT_PRODUCTS_DIR; };
		04B3FE8625B43C5700E0AA13 /* AppDelegate.swift */ = {isa = PBXFileReference; lastKnownFileType = sourcecode.swift; path = AppDelegate.swift; sourceTree = "<group>"; };
		04B3FE8825B43C5700E0AA13 /* SceneDelegate.swift */ = {isa = PBXFileReference; lastKnownFileType = sourcecode.swift; path = SceneDelegate.swift; sourceTree = "<group>"; };
		04B3FE8A25B43C5700E0AA13 /* ContentView.swift */ = {isa = PBXFileReference; lastKnownFileType = sourcecode.swift; path = ContentView.swift; sourceTree = "<group>"; };
		04B3FE8C25B43C5A00E0AA13 /* Assets.xcassets */ = {isa = PBXFileReference; lastKnownFileType = folder.assetcatalog; path = Assets.xcassets; sourceTree = "<group>"; };
		04B3FE8F25B43C5A00E0AA13 /* Preview Assets.xcassets */ = {isa = PBXFileReference; lastKnownFileType = folder.assetcatalog; path = "Preview Assets.xcassets"; sourceTree = "<group>"; };
		04B3FE9225B43C5A00E0AA13 /* Base */ = {isa = PBXFileReference; lastKnownFileType = file.storyboard; name = Base; path = Base.lproj/LaunchScreen.storyboard; sourceTree = "<group>"; };
		04B3FE9425B43C5A00E0AA13 /* Info.plist */ = {isa = PBXFileReference; lastKnownFileType = text.plist.xml; path = Info.plist; sourceTree = "<group>"; };
/* End PBXFileReference section */

/* Begin PBXFrameworksBuildPhase section */
		04B3FE8025B43C5700E0AA13 /* Frameworks */ = {
			isa = PBXFrameworksBuildPhase;
			buildActionMask = 2147483647;
			files = (
			);
			runOnlyForDeploymentPostprocessing = 0;
		};
/* End PBXFrameworksBuildPhase section */

/* Begin PBXGroup section */
		04B3FE7A25B43C5700E0AA13 = {
			isa = PBXGroup;
			children = (
				04A1D29F25C4AE7400D6920F /* README.md */,
				04B3FE8525B43C5700E0AA13 /* UnitConversions */,
				04B3FE8425B43C5700E0AA13 /* Products */,
			);
			sourceTree = "<group>";
		};
		04B3FE8425B43C5700E0AA13 /* Products */ = {
			isa = PBXGroup;
			children = (
				04B3FE8325B43C5700E0AA13 /* UnitConversions.app */,
			);
			name = Products;
			sourceTree = "<group>";
		};
		04B3FE8525B43C5700E0AA13 /* UnitConversions */ = {
			isa = PBXGroup;
			children = (
				04B3FE8625B43C5700E0AA13 /* AppDelegate.swift */,
				04B3FE8825B43C5700E0AA13 /* SceneDelegate.swift */,
				04B3FE8A25B43C5700E0AA13 /* ContentView.swift */,
				04B3FE8C25B43C5A00E0AA13 /* Assets.xcassets */,
				04B3FE9125B43C5A00E0AA13 /* LaunchScreen.storyboard */,
				04B3FE9425B43C5A00E0AA13 /* Info.plist */,
				04B3FE8E25B43C5A00E0AA13 /* Preview Content */,
			);
			path = UnitConversions;
			sourceTree = "<group>";
		};
		04B3FE8E25B43C5A00E0AA13 /* Preview Content */ = {
			isa = PBXGroup;
			children = (
				04B3FE8F25B43C5A00E0AA13 /* Preview Assets.xcassets */,
			);
			path = "Preview Content";
			sourceTree = "<group>";
		};
/* End PBXGroup section */

/* Begin PBXNativeTarget section */
		04B3FE8225B43C5700E0AA13 /* UnitConversions */ = {
			isa = PBXNativeTarget;
			buildConfigurationList = 04B3FE9725B43C5A00E0AA13 /* Build configuration list for PBXNativeTarget "UnitConversions" */;
			buildPhases = (
				04B3FE7F25B43C5700E0AA13 /* Sources */,
				04B3FE8025B43C5700E0AA13 /* Frameworks */,
				04B3FE8125B43C5700E0AA13 /* Resources */,
			);
			buildRules = (
			);
			dependencies = (
			);
			name = UnitConversions;
			productName = UnitConversions;
			productReference = 04B3FE8325B43C5700E0AA13 /* UnitConversions.app */;
			productType = "com.apple.product-type.application";
		};
/* End PBXNativeTarget section */

/* Begin PBXProject section */
		04B3FE7B25B43C5700E0AA13 /* Project object */ = {
			isa = PBXProject;
			attributes = {
				LastSwiftUpdateCheck = 1230;
				LastUpgradeCheck = 1230;
				TargetAttributes = {
					04B3FE8225B43C5700E0AA13 = {
						CreatedOnToolsVersion = 12.3;
					};
				};
			};
			buildConfigurationList = 04B3FE7E25B43C5700E0AA13 /* Build configuration list for PBXProject "UnitConversions" */;
			compatibilityVersion = "Xcode 9.3";
			developmentRegion = en;
			hasScannedForEncodings = 0;
			knownRegions = (
				en,
				Base,
			);
			mainGroup = 04B3FE7A25B43C5700E0AA13;
			productRefGroup = 04B3FE8425B43C5700E0AA13 /* Products */;
			projectDirPath = "";
			projectRoot = "";
			targets = (
				04B3FE8225B43C5700E0AA13 /* UnitConversions */,
			);
		};
/* End PBXProject section */

/* Begin PBXResourcesBuildPhase section */
		04B3FE8125B43C5700E0AA13 /* Resources */ = {
			isa = PBXResourcesBuildPhase;
			buildActionMask = 2147483647;
			files = (
				04B3FE9325B43C5A00E0AA13 /* LaunchScreen.storyboard in Resources */,
				04B3FE9025B43C5A00E0AA13 /* Preview Assets.xcassets in Resources */,
				04B3FE8D25B43C5A00E0AA13 /* Assets.xcassets in Resources */,
			);
			runOnlyForDeploymentPostprocessing = 0;
		};
/* End PBXResourcesBuildPhase section */

/* Begin PBXSourcesBuildPhase section */
		04B3FE7F25B43C5700E0AA13 /* Sources */ = {
			isa = PBXSourcesBuildPhase;
			buildActionMask = 2147483647;
			files = (
				04B3FE8725B43C5700E0AA13 /* AppDelegate.swift in Sources */,
				04B3FE8925B43C5700E0AA13 /* SceneDelegate.swift in Sources */,
				04B3FE8B25B43C5700E0AA13 /* ContentView.swift in Sources */,
			);
			runOnlyForDeploymentPostprocessing = 0;
		};
/* End PBXSourcesBuildPhase section */

/* Begin PBXVariantGroup section */
		04B3FE9125B43C5A00E0AA13 /* LaunchScreen.storyboard */ = {
			isa = PBXVariantGroup;
			children = (
				04B3FE9225B43C5A00E0AA13 /* Base */,
			);
			name = LaunchScreen.storyboard;
			sourceTree = "<group>";
		};
/* End PBXVariantGroup section */

/* Begin XCBuildConfiguration section */
		04B3FE9525B43C5A00E0AA13 /* Debug */ = {
			isa = XCBuildConfiguration;
			buildSettings = {
				ALWAYS_SEARCH_USER_PATHS = NO;
				CLANG_ANALYZER_NONNULL = YES;
				CLANG_ANALYZER_NUMBER_OBJECT_CONVERSION = YES_AGGRESSIVE;
				CLANG_CXX_LANGUAGE_STANDARD = "gnu++14";
				CLANG_CXX_LIBRARY = "libc++";
				CLANG_ENABLE_MODULES = YES;
				CLANG_ENABLE_OBJC_ARC = YES;
				CLANG_ENABLE_OBJC_WEAK = YES;
				CLANG_WARN_BLOCK_CAPTURE_AUTORELEASING = YES;
				CLANG_WARN_BOOL_CONVERSION = YES;
				CLANG_WARN_COMMA = YES;
				CLANG_WARN_CONSTANT_CONVERSION = YES;
				CLANG_WARN_DEPRECATED_OBJC_IMPLEMENTATIONS = YES;
				CLANG_WARN_DIRECT_OBJC_ISA_USAGE = YES_ERROR;
				CLANG_WARN_DOCUMENTATION_COMMENTS = YES;
				CLANG_WARN_EMPTY_BODY = YES;
				CLANG_WARN_ENUM_CONVERSION = YES;
				CLANG_WARN_INFINITE_RECURSION = YES;
				CLANG_WARN_INT_CONVERSION = YES;
				CLANG_WARN_NON_LITERAL_NULL_CONVERSION = YES;
				CLANG_WARN_OBJC_IMPLICIT_RETAIN_SELF = YES;
				CLANG_WARN_OBJC_LITERAL_CONVERSION = YES;
				CLANG_WARN_OBJC_ROOT_CLASS = YES_ERROR;
				CLANG_WARN_QUOTED_INCLUDE_IN_FRAMEWORK_HEADER = YES;
				CLANG_WARN_RANGE_LOOP_ANALYSIS = YES;
				CLANG_WARN_STRICT_PROTOTYPES = YES;
				CLANG_WARN_SUSPICIOUS_MOVE = YES;
				CLANG_WARN_UNGUARDED_AVAILABILITY = YES_AGGRESSIVE;
				CLANG_WARN_UNREACHABLE_CODE = YES;
				CLANG_WARN__DUPLICATE_METHOD_MATCH = YES;
				COPY_PHASE_STRIP = NO;
				DEBUG_INFORMATION_FORMAT = dwarf;
				ENABLE_STRICT_OBJC_MSGSEND = YES;
				ENABLE_TESTABILITY = YES;
				GCC_C_LANGUAGE_STANDARD = gnu11;
				GCC_DYNAMIC_NO_PIC = NO;
				GCC_NO_COMMON_BLOCKS = YES;
				GCC_OPTIMIZATION_LEVEL = 0;
				GCC_PREPROCESSOR_DEFINITIONS = (
					"DEBUG=1",
					"$(inherited)",
				);
				GCC_WARN_64_TO_32_BIT_CONVERSION = YES;
				GCC_WARN_ABOUT_RETURN_TYPE = YES_ERROR;
				GCC_WARN_UNDECLARED_SELECTOR = YES;
				GCC_WARN_UNINITIALIZED_AUTOS = YES_AGGRESSIVE;
				GCC_WARN_UNUSED_FUNCTION = YES;
				GCC_WARN_UNUSED_VARIABLE = YES;
				IPHONEOS_DEPLOYMENT_TARGET = 14.3;
				MTL_ENABLE_DEBUG_INFO = INCLUDE_SOURCE;
				MTL_FAST_MATH = YES;
				ONLY_ACTIVE_ARCH = YES;
				SDKROOT = iphoneos;
				SWIFT_ACTIVE_COMPILATION_CONDITIONS = DEBUG;
				SWIFT_OPTIMIZATION_LEVEL = "-Onone";
			};
			name = Debug;
		};
		04B3FE9625B43C5A00E0AA13 /* Release */ = {
			isa = XCBuildConfiguration;
			buildSettings = {
				ALWAYS_SEARCH_USER_PATHS = NO;
				CLANG_ANALYZER_NONNULL = YES;
				CLANG_ANALYZER_NUMBER_OBJECT_CONVERSION = YES_AGGRESSIVE;
				CLANG_CXX_LANGUAGE_STANDARD = "gnu++14";
				CLANG_CXX_LIBRARY = "libc++";
				CLANG_ENABLE_MODULES = YES;
				CLANG_ENABLE_OBJC_ARC = YES;
				CLANG_ENABLE_OBJC_WEAK = YES;
				CLANG_WARN_BLOCK_CAPTURE_AUTORELEASING = YES;
				CLANG_WARN_BOOL_CONVERSION = YES;
				CLANG_WARN_COMMA = YES;
				CLANG_WARN_CONSTANT_CONVERSION = YES;
				CLANG_WARN_DEPRECATED_OBJC_IMPLEMENTATIONS = YES;
				CLANG_WARN_DIRECT_OBJC_ISA_USAGE = YES_ERROR;
				CLANG_WARN_DOCUMENTATION_COMMENTS = YES;
				CLANG_WARN_EMPTY_BODY = YES;
				CLANG_WARN_ENUM_CONVERSION = YES;
				CLANG_WARN_INFINITE_RECURSION = YES;
				CLANG_WARN_INT_CONVERSION = YES;
				CLANG_WARN_NON_LITERAL_NULL_CONVERSION = YES;
				CLANG_WARN_OBJC_IMPLICIT_RETAIN_SELF = YES;
				CLANG_WARN_OBJC_LITERAL_CONVERSION = YES;
				CLANG_WARN_OBJC_ROOT_CLASS = YES_ERROR;
				CLANG_WARN_QUOTED_INCLUDE_IN_FRAMEWORK_HEADER = YES;
				CLANG_WARN_RANGE_LOOP_ANALYSIS = YES;
				CLANG_WARN_STRICT_PROTOTYPES = YES;
				CLANG_WARN_SUSPICIOUS_MOVE = YES;
				CLANG_WARN_UNGUARDED_AVAILABILITY = YES_AGGRESSIVE;
				CLANG_WARN_UNREACHABLE_CODE = YES;
				CLANG_WARN__DUPLICATE_METHOD_MATCH = YES;
				COPY_PHASE_STRIP = NO;
				DEBUG_INFORMATION_FORMAT = "dwarf-with-dsym";
				ENABLE_NS_ASSERTIONS = NO;
				ENABLE_STRICT_OBJC_MSGSEND = YES;
				GCC_C_LANGUAGE_STANDARD = gnu11;
				GCC_NO_COMMON_BLOCKS = YES;
				GCC_WARN_64_TO_32_BIT_CONVERSION = YES;
				GCC_WARN_ABOUT_RETURN_TYPE = YES_ERROR;
				GCC_WARN_UNDECLARED_SELECTOR = YES;
				GCC_WARN_UNINITIALIZED_AUTOS = YES_AGGRESSIVE;
				GCC_WARN_UNUSED_FUNCTION = YES;
				GCC_WARN_UNUSED_VARIABLE = YES;
				IPHONEOS_DEPLOYMENT_TARGET = 14.3;
				MTL_ENABLE_DEBUG_INFO = NO;
				MTL_FAST_MATH = YES;
				SDKROOT = iphoneos;
				SWIFT_COMPILATION_MODE = wholemodule;
				SWIFT_OPTIMIZATION_LEVEL = "-O";
				VALIDATE_PRODUCT = YES;
			};
			name = Release;
		};
		04B3FE9825B43C5A00E0AA13 /* Debug */ = {
			isa = XCBuildConfiguration;
			buildSettings = {
				ASSETCATALOG_COMPILER_APPICON_NAME = AppIcon;
				ASSETCATALOG_COMPILER_GLOBAL_ACCENT_COLOR_NAME = AccentColor;
				CODE_SIGN_STYLE = Automatic;
				DEVELOPMENT_ASSET_PATHS = "\"UnitConversions/Preview Content\"";
				ENABLE_PREVIEWS = YES;
				INFOPLIST_FILE = UnitConversions/Info.plist;
				LD_RUNPATH_SEARCH_PATHS = (
					"$(inherited)",
					"@executable_path/Frameworks",
				);
				PRODUCT_BUNDLE_IDENTIFIER = com.pogos.anesyan.UnitConversions;
				PRODUCT_NAME = "$(TARGET_NAME)";
				SWIFT_VERSION = 5.0;
				TARGETED_DEVICE_FAMILY = "1,2";
			};
			name = Debug;
		};
		04B3FE9925B43C5A00E0AA13 /* Release */ = {
			isa = XCBuildConfiguration;
			buildSettings = {
				ASSETCATALOG_COMPILER_APPICON_NAME = AppIcon;
				ASSETCATALOG_COMPILER_GLOBAL_ACCENT_COLOR_NAME = AccentColor;
				CODE_SIGN_STYLE = Automatic;
				DEVELOPMENT_ASSET_PATHS = "\"UnitConversions/Preview Content\"";
				ENABLE_PREVIEWS = YES;
				INFOPLIST_FILE = UnitConversions/Info.plist;
				LD_RUNPATH_SEARCH_PATHS = (
					"$(inherited)",
					"@executable_path/Frameworks",
				);
				PRODUCT_BUNDLE_IDENTIFIER = com.pogos.anesyan.UnitConversions;
				PRODUCT_NAME = "$(TARGET_NAME)";
				SWIFT_VERSION = 5.0;
				TARGETED_DEVICE_FAMILY = "1,2";
			};
			name = Release;
		};
/* End XCBuildConfiguration section */

/* Begin XCConfigurationList section */
		04B3FE7E25B43C5700E0AA13 /* Build configuration list for PBXProject "UnitConversions" */ = {
			isa = XCConfigurationList;
			buildConfigurations = (
				04B3FE9525B43C5A00E0AA13 /* Debug */,
				04B3FE9625B43C5A00E0AA13 /* Release */,
			);
			defaultConfigurationIsVisible = 0;
			defaultConfigurationName = Release;
		};
		04B3FE9725B43C5A00E0AA13 /* Build configuration list for PBXNativeTarget "UnitConversions" */ = {
			isa = XCConfigurationList;
			buildConfigurations = (
				04B3FE9825B43C5A00E0AA13 /* Debug */,
				04B3FE9925B43C5A00E0AA13 /* Release */,
			);
			defaultConfigurationIsVisible = 0;
			defaultConfigurationName = Release;
		};
/* End XCConfigurationList section */
	};
	rootObject = 04B3FE7B25B43C5700E0AA13 /* Project object */;
}
