// !$*UTF8*$!
{
	archiveVersion = 1;
	classes = {
	};
	objectVersion = 50;
	objects = {

/* Begin PBXBuildFile section */
		0414A61526700817006504F4 /* Triangle.swift in Sources */ = {isa = PBXBuildFile; fileRef = 0414A61426700817006504F4 /* Triangle.swift */; };
		0414A61726700832006504F4 /* Arc.swift in Sources */ = {isa = PBXBuildFile; fileRef = 0414A61626700832006504F4 /* Arc.swift */; };
		0414A6192670084D006504F4 /* Flower.swift in Sources */ = {isa = PBXBuildFile; fileRef = 0414A6182670084D006504F4 /* Flower.swift */; };
		044401442699CD6A00BA9479 /* FourthContentView.swift in Sources */ = {isa = PBXBuildFile; fileRef = 044401432699CD6A00BA9479 /* FourthContentView.swift */; };
		044401462699CE5500BA9479 /* Arrrow.swift in Sources */ = {isa = PBXBuildFile; fileRef = 044401452699CE5500BA9479 /* Arrrow.swift */; };
		047A346126A34BA4001FD303 /* ColorCyclingRectangle.swift in Sources */ = {isa = PBXBuildFile; fileRef = 047A346026A34BA4001FD303 /* ColorCyclingRectangle.swift */; };
		0494FB75266A03E300CBF443 /* AppDelegate.swift in Sources */ = {isa = PBXBuildFile; fileRef = 0494FB74266A03E300CBF443 /* AppDelegate.swift */; };
		0494FB77266A03E300CBF443 /* SceneDelegate.swift in Sources */ = {isa = PBXBuildFile; fileRef = 0494FB76266A03E300CBF443 /* SceneDelegate.swift */; };
		0494FB79266A03E300CBF443 /* ContentView.swift in Sources */ = {isa = PBXBuildFile; fileRef = 0494FB78266A03E300CBF443 /* ContentView.swift */; };
		0494FB7B266A03E600CBF443 /* Assets.xcassets in Resources */ = {isa = PBXBuildFile; fileRef = 0494FB7A266A03E600CBF443 /* Assets.xcassets */; };
		0494FB7E266A03E600CBF443 /* Preview Assets.xcassets in Resources */ = {isa = PBXBuildFile; fileRef = 0494FB7D266A03E600CBF443 /* Preview Assets.xcassets */; };
		0494FB81266A03E600CBF443 /* LaunchScreen.storyboard in Resources */ = {isa = PBXBuildFile; fileRef = 0494FB7F266A03E600CBF443 /* LaunchScreen.storyboard */; };
		0494FB89266A03F600CBF443 /* README.md in Resources */ = {isa = PBXBuildFile; fileRef = 0494FB88266A03F600CBF443 /* README.md */; };
		04BD678C26827B67003047E1 /* SecondContentView.swift in Sources */ = {isa = PBXBuildFile; fileRef = 04BD678B26827B67003047E1 /* SecondContentView.swift */; };
		04BD678E2683D0B0003047E1 /* Trapezoid.swift in Sources */ = {isa = PBXBuildFile; fileRef = 04BD678D2683D0B0003047E1 /* Trapezoid.swift */; };
		04BD67912683D0E7003047E1 /* ThirdContentView.swift in Sources */ = {isa = PBXBuildFile; fileRef = 04BD67902683D0E7003047E1 /* ThirdContentView.swift */; };
		04BD67932683D676003047E1 /* Star.swift in Sources */ = {isa = PBXBuildFile; fileRef = 04BD67922683D676003047E1 /* Star.swift */; };
/* End PBXBuildFile section */

/* Begin PBXFileReference section */
		0414A61426700817006504F4 /* Triangle.swift */ = {isa = PBXFileReference; lastKnownFileType = sourcecode.swift; path = Triangle.swift; sourceTree = "<group>"; };
		0414A61626700832006504F4 /* Arc.swift */ = {isa = PBXFileReference; lastKnownFileType = sourcecode.swift; path = Arc.swift; sourceTree = "<group>"; };
		0414A6182670084D006504F4 /* Flower.swift */ = {isa = PBXFileReference; lastKnownFileType = sourcecode.swift; path = Flower.swift; sourceTree = "<group>"; };
		044401432699CD6A00BA9479 /* FourthContentView.swift */ = {isa = PBXFileReference; lastKnownFileType = sourcecode.swift; path = FourthContentView.swift; sourceTree = "<group>"; };
		044401452699CE5500BA9479 /* Arrrow.swift */ = {isa = PBXFileReference; lastKnownFileType = sourcecode.swift; path = Arrrow.swift; sourceTree = "<group>"; };
		047A346026A34BA4001FD303 /* ColorCyclingRectangle.swift */ = {isa = PBXFileReference; lastKnownFileType = sourcecode.swift; path = ColorCyclingRectangle.swift; sourceTree = "<group>"; };
		0494FB71266A03E300CBF443 /* Drawing.app */ = {isa = PBXFileReference; explicitFileType = wrapper.application; includeInIndex = 0; path = Drawing.app; sourceTree = BUILT_PRODUCTS_DIR; };
		0494FB74266A03E300CBF443 /* AppDelegate.swift */ = {isa = PBXFileReference; lastKnownFileType = sourcecode.swift; path = AppDelegate.swift; sourceTree = "<group>"; };
		0494FB76266A03E300CBF443 /* SceneDelegate.swift */ = {isa = PBXFileReference; lastKnownFileType = sourcecode.swift; path = SceneDelegate.swift; sourceTree = "<group>"; };
		0494FB78266A03E300CBF443 /* ContentView.swift */ = {isa = PBXFileReference; lastKnownFileType = sourcecode.swift; path = ContentView.swift; sourceTree = "<group>"; };
		0494FB7A266A03E600CBF443 /* Assets.xcassets */ = {isa = PBXFileReference; lastKnownFileType = folder.assetcatalog; path = Assets.xcassets; sourceTree = "<group>"; };
		0494FB7D266A03E600CBF443 /* Preview Assets.xcassets */ = {isa = PBXFileReference; lastKnownFileType = folder.assetcatalog; path = "Preview Assets.xcassets"; sourceTree = "<group>"; };
		0494FB80266A03E600CBF443 /* Base */ = {isa = PBXFileReference; lastKnownFileType = file.storyboard; name = Base; path = Base.lproj/LaunchScreen.storyboard; sourceTree = "<group>"; };
		0494FB82266A03E600CBF443 /* Info.plist */ = {isa = PBXFileReference; lastKnownFileType = text.plist.xml; path = Info.plist; sourceTree = "<group>"; };
		0494FB88266A03F600CBF443 /* README.md */ = {isa = PBXFileReference; fileEncoding = 4; lastKnownFileType = net.daringfireball.markdown; path = README.md; sourceTree = "<group>"; };
		04BD678B26827B67003047E1 /* SecondContentView.swift */ = {isa = PBXFileReference; lastKnownFileType = sourcecode.swift; path = SecondContentView.swift; sourceTree = "<group>"; };
		04BD678D2683D0B0003047E1 /* Trapezoid.swift */ = {isa = PBXFileReference; lastKnownFileType = sourcecode.swift; path = Trapezoid.swift; sourceTree = "<group>"; };
		04BD67902683D0E7003047E1 /* ThirdContentView.swift */ = {isa = PBXFileReference; lastKnownFileType = sourcecode.swift; path = ThirdContentView.swift; sourceTree = "<group>"; };
		04BD67922683D676003047E1 /* Star.swift */ = {isa = PBXFileReference; lastKnownFileType = sourcecode.swift; path = Star.swift; sourceTree = "<group>"; };
/* End PBXFileReference section */

/* Begin PBXFrameworksBuildPhase section */
		0494FB6E266A03E300CBF443 /* Frameworks */ = {
			isa = PBXFrameworksBuildPhase;
			buildActionMask = 2147483647;
			files = (
			);
			runOnlyForDeploymentPostprocessing = 0;
		};
/* End PBXFrameworksBuildPhase section */

/* Begin PBXGroup section */
		0414A613267007F4006504F4 /* Shapes */ = {
			isa = PBXGroup;
			children = (
				0414A61426700817006504F4 /* Triangle.swift */,
				0414A61626700832006504F4 /* Arc.swift */,
				04BD678D2683D0B0003047E1 /* Trapezoid.swift */,
				0414A6182670084D006504F4 /* Flower.swift */,
				04BD67922683D676003047E1 /* Star.swift */,
				044401452699CE5500BA9479 /* Arrrow.swift */,
				047A346026A34BA4001FD303 /* ColorCyclingRectangle.swift */,
			);
			name = Shapes;
			sourceTree = "<group>";
		};
		0494FB68266A03E300CBF443 = {
			isa = PBXGroup;
			children = (
				0494FB88266A03F600CBF443 /* README.md */,
				0494FB73266A03E300CBF443 /* Drawing */,
				0494FB72266A03E300CBF443 /* Products */,
			);
			sourceTree = "<group>";
		};
		0494FB72266A03E300CBF443 /* Products */ = {
			isa = PBXGroup;
			children = (
				0494FB71266A03E300CBF443 /* Drawing.app */,
			);
			name = Products;
			sourceTree = "<group>";
		};
		0494FB73266A03E300CBF443 /* Drawing */ = {
			isa = PBXGroup;
			children = (
				0494FB74266A03E300CBF443 /* AppDelegate.swift */,
				0494FB76266A03E300CBF443 /* SceneDelegate.swift */,
				04BD678F2683D0C6003047E1 /* Content */,
				0414A613267007F4006504F4 /* Shapes */,
				0494FB7A266A03E600CBF443 /* Assets.xcassets */,
				0494FB7F266A03E600CBF443 /* LaunchScreen.storyboard */,
				0494FB82266A03E600CBF443 /* Info.plist */,
				0494FB7C266A03E600CBF443 /* Preview Content */,
			);
			path = Drawing;
			sourceTree = "<group>";
		};
		0494FB7C266A03E600CBF443 /* Preview Content */ = {
			isa = PBXGroup;
			children = (
				0494FB7D266A03E600CBF443 /* Preview Assets.xcassets */,
			);
			path = "Preview Content";
			sourceTree = "<group>";
		};
		04BD678F2683D0C6003047E1 /* Content */ = {
			isa = PBXGroup;
			children = (
				0494FB78266A03E300CBF443 /* ContentView.swift */,
				04BD678B26827B67003047E1 /* SecondContentView.swift */,
				04BD67902683D0E7003047E1 /* ThirdContentView.swift */,
				044401432699CD6A00BA9479 /* FourthContentView.swift */,
			);
			name = Content;
			sourceTree = "<group>";
		};
/* End PBXGroup section */

/* Begin PBXNativeTarget section */
		0494FB70266A03E300CBF443 /* Drawing */ = {
			isa = PBXNativeTarget;
			buildConfigurationList = 0494FB85266A03E600CBF443 /* Build configuration list for PBXNativeTarget "Drawing" */;
			buildPhases = (
				0494FB6D266A03E300CBF443 /* Sources */,
				0494FB6E266A03E300CBF443 /* Frameworks */,
				0494FB6F266A03E300CBF443 /* Resources */,
			);
			buildRules = (
			);
			dependencies = (
			);
			name = Drawing;
			productName = Drawing;
			productReference = 0494FB71266A03E300CBF443 /* Drawing.app */;
			productType = "com.apple.product-type.application";
		};
/* End PBXNativeTarget section */

/* Begin PBXProject section */
		0494FB69266A03E300CBF443 /* Project object */ = {
			isa = PBXProject;
			attributes = {
				LastSwiftUpdateCheck = 1250;
				LastUpgradeCheck = 1250;
				TargetAttributes = {
					0494FB70266A03E300CBF443 = {
						CreatedOnToolsVersion = 12.5;
					};
				};
			};
			buildConfigurationList = 0494FB6C266A03E300CBF443 /* Build configuration list for PBXProject "Drawing" */;
			compatibilityVersion = "Xcode 9.3";
			developmentRegion = en;
			hasScannedForEncodings = 0;
			knownRegions = (
				en,
				Base,
			);
			mainGroup = 0494FB68266A03E300CBF443;
			productRefGroup = 0494FB72266A03E300CBF443 /* Products */;
			projectDirPath = "";
			projectRoot = "";
			targets = (
				0494FB70266A03E300CBF443 /* Drawing */,
			);
		};
/* End PBXProject section */

/* Begin PBXResourcesBuildPhase section */
		0494FB6F266A03E300CBF443 /* Resources */ = {
			isa = PBXResourcesBuildPhase;
			buildActionMask = 2147483647;
			files = (
				0494FB81266A03E600CBF443 /* LaunchScreen.storyboard in Resources */,
				0494FB7E266A03E600CBF443 /* Preview Assets.xcassets in Resources */,
				0494FB89266A03F600CBF443 /* README.md in Resources */,
				0494FB7B266A03E600CBF443 /* Assets.xcassets in Resources */,
			);
			runOnlyForDeploymentPostprocessing = 0;
		};
/* End PBXResourcesBuildPhase section */

/* Begin PBXSourcesBuildPhase section */
		0494FB6D266A03E300CBF443 /* Sources */ = {
			isa = PBXSourcesBuildPhase;
			buildActionMask = 2147483647;
			files = (
				04BD678C26827B67003047E1 /* SecondContentView.swift in Sources */,
				0494FB75266A03E300CBF443 /* AppDelegate.swift in Sources */,
				0494FB77266A03E300CBF443 /* SceneDelegate.swift in Sources */,
				04BD67932683D676003047E1 /* Star.swift in Sources */,
				044401442699CD6A00BA9479 /* FourthContentView.swift in Sources */,
				0414A6192670084D006504F4 /* Flower.swift in Sources */,
				04BD67912683D0E7003047E1 /* ThirdContentView.swift in Sources */,
				0414A61726700832006504F4 /* Arc.swift in Sources */,
				044401462699CE5500BA9479 /* Arrrow.swift in Sources */,
				0494FB79266A03E300CBF443 /* ContentView.swift in Sources */,
				04BD678E2683D0B0003047E1 /* Trapezoid.swift in Sources */,
				0414A61526700817006504F4 /* Triangle.swift in Sources */,
				047A346126A34BA4001FD303 /* ColorCyclingRectangle.swift in Sources */,
			);
			runOnlyForDeploymentPostprocessing = 0;
		};
/* End PBXSourcesBuildPhase section */

/* Begin PBXVariantGroup section */
		0494FB7F266A03E600CBF443 /* LaunchScreen.storyboard */ = {
			isa = PBXVariantGroup;
			children = (
				0494FB80266A03E600CBF443 /* Base */,
			);
			name = LaunchScreen.storyboard;
			sourceTree = "<group>";
		};
/* End PBXVariantGroup section */

/* Begin XCBuildConfiguration section */
		0494FB83266A03E600CBF443 /* Debug */ = {
			isa = XCBuildConfiguration;
			buildSettings = {
				ALWAYS_SEARCH_USER_PATHS = NO;
				CLANG_ANALYZER_NONNULL = YES;
				CLANG_ANALYZER_NUMBER_OBJECT_CONVERSION = YES_AGGRESSIVE;
				CLANG_CXX_LANGUAGE_STANDARD = "gnu++14";
				CLANG_CXX_LIBRARY = "libc++";
				CLANG_ENABLE_MODULES = YES;
				CLANG_ENABLE_OBJC_ARC = YES;
				CLANG_ENABLE_OBJC_WEAK = YES;
				CLANG_WARN_BLOCK_CAPTURE_AUTORELEASING = YES;
				CLANG_WARN_BOOL_CONVERSION = YES;
				CLANG_WARN_COMMA = YES;
				CLANG_WARN_CONSTANT_CONVERSION = YES;
				CLANG_WARN_DEPRECATED_OBJC_IMPLEMENTATIONS = YES;
				CLANG_WARN_DIRECT_OBJC_ISA_USAGE = YES_ERROR;
				CLANG_WARN_DOCUMENTATION_COMMENTS = YES;
				CLANG_WARN_EMPTY_BODY = YES;
				CLANG_WARN_ENUM_CONVERSION = YES;
				CLANG_WARN_INFINITE_RECURSION = YES;
				CLANG_WARN_INT_CONVERSION = YES;
				CLANG_WARN_NON_LITERAL_NULL_CONVERSION = YES;
				CLANG_WARN_OBJC_IMPLICIT_RETAIN_SELF = YES;
				CLANG_WARN_OBJC_LITERAL_CONVERSION = YES;
				CLANG_WARN_OBJC_ROOT_CLASS = YES_ERROR;
				CLANG_WARN_QUOTED_INCLUDE_IN_FRAMEWORK_HEADER = YES;
				CLANG_WARN_RANGE_LOOP_ANALYSIS = YES;
				CLANG_WARN_STRICT_PROTOTYPES = YES;
				CLANG_WARN_SUSPICIOUS_MOVE = YES;
				CLANG_WARN_UNGUARDED_AVAILABILITY = YES_AGGRESSIVE;
				CLANG_WARN_UNREACHABLE_CODE = YES;
				CLANG_WARN__DUPLICATE_METHOD_MATCH = YES;
				COPY_PHASE_STRIP = NO;
				DEBUG_INFORMATION_FORMAT = dwarf;
				ENABLE_STRICT_OBJC_MSGSEND = YES;
				ENABLE_TESTABILITY = YES;
				GCC_C_LANGUAGE_STANDARD = gnu11;
				GCC_DYNAMIC_NO_PIC = NO;
				GCC_NO_COMMON_BLOCKS = YES;
				GCC_OPTIMIZATION_LEVEL = 0;
				GCC_PREPROCESSOR_DEFINITIONS = (
					"DEBUG=1",
					"$(inherited)",
				);
				GCC_WARN_64_TO_32_BIT_CONVERSION = YES;
				GCC_WARN_ABOUT_RETURN_TYPE = YES_ERROR;
				GCC_WARN_UNDECLARED_SELECTOR = YES;
				GCC_WARN_UNINITIALIZED_AUTOS = YES_AGGRESSIVE;
				GCC_WARN_UNUSED_FUNCTION = YES;
				GCC_WARN_UNUSED_VARIABLE = YES;
				IPHONEOS_DEPLOYMENT_TARGET = 14.5;
				MTL_ENABLE_DEBUG_INFO = INCLUDE_SOURCE;
				MTL_FAST_MATH = YES;
				ONLY_ACTIVE_ARCH = YES;
				SDKROOT = iphoneos;
				SWIFT_ACTIVE_COMPILATION_CONDITIONS = DEBUG;
				SWIFT_OPTIMIZATION_LEVEL = "-Onone";
			};
			name = Debug;
		};
		0494FB84266A03E600CBF443 /* Release */ = {
			isa = XCBuildConfiguration;
			buildSettings = {
				ALWAYS_SEARCH_USER_PATHS = NO;
				CLANG_ANALYZER_NONNULL = YES;
				CLANG_ANALYZER_NUMBER_OBJECT_CONVERSION = YES_AGGRESSIVE;
				CLANG_CXX_LANGUAGE_STANDARD = "gnu++14";
				CLANG_CXX_LIBRARY = "libc++";
				CLANG_ENABLE_MODULES = YES;
				CLANG_ENABLE_OBJC_ARC = YES;
				CLANG_ENABLE_OBJC_WEAK = YES;
				CLANG_WARN_BLOCK_CAPTURE_AUTORELEASING = YES;
				CLANG_WARN_BOOL_CONVERSION = YES;
				CLANG_WARN_COMMA = YES;
				CLANG_WARN_CONSTANT_CONVERSION = YES;
				CLANG_WARN_DEPRECATED_OBJC_IMPLEMENTATIONS = YES;
				CLANG_WARN_DIRECT_OBJC_ISA_USAGE = YES_ERROR;
				CLANG_WARN_DOCUMENTATION_COMMENTS = YES;
				CLANG_WARN_EMPTY_BODY = YES;
				CLANG_WARN_ENUM_CONVERSION = YES;
				CLANG_WARN_INFINITE_RECURSION = YES;
				CLANG_WARN_INT_CONVERSION = YES;
				CLANG_WARN_NON_LITERAL_NULL_CONVERSION = YES;
				CLANG_WARN_OBJC_IMPLICIT_RETAIN_SELF = YES;
				CLANG_WARN_OBJC_LITERAL_CONVERSION = YES;
				CLANG_WARN_OBJC_ROOT_CLASS = YES_ERROR;
				CLANG_WARN_QUOTED_INCLUDE_IN_FRAMEWORK_HEADER = YES;
				CLANG_WARN_RANGE_LOOP_ANALYSIS = YES;
				CLANG_WARN_STRICT_PROTOTYPES = YES;
				CLANG_WARN_SUSPICIOUS_MOVE = YES;
				CLANG_WARN_UNGUARDED_AVAILABILITY = YES_AGGRESSIVE;
				CLANG_WARN_UNREACHABLE_CODE = YES;
				CLANG_WARN__DUPLICATE_METHOD_MATCH = YES;
				COPY_PHASE_STRIP = NO;
				DEBUG_INFORMATION_FORMAT = "dwarf-with-dsym";
				ENABLE_NS_ASSERTIONS = NO;
				ENABLE_STRICT_OBJC_MSGSEND = YES;
				GCC_C_LANGUAGE_STANDARD = gnu11;
				GCC_NO_COMMON_BLOCKS = YES;
				GCC_WARN_64_TO_32_BIT_CONVERSION = YES;
				GCC_WARN_ABOUT_RETURN_TYPE = YES_ERROR;
				GCC_WARN_UNDECLARED_SELECTOR = YES;
				GCC_WARN_UNINITIALIZED_AUTOS = YES_AGGRESSIVE;
				GCC_WARN_UNUSED_FUNCTION = YES;
				GCC_WARN_UNUSED_VARIABLE = YES;
				IPHONEOS_DEPLOYMENT_TARGET = 14.5;
				MTL_ENABLE_DEBUG_INFO = NO;
				MTL_FAST_MATH = YES;
				SDKROOT = iphoneos;
				SWIFT_COMPILATION_MODE = wholemodule;
				SWIFT_OPTIMIZATION_LEVEL = "-O";
				VALIDATE_PRODUCT = YES;
			};
			name = Release;
		};
		0494FB86266A03E600CBF443 /* Debug */ = {
			isa = XCBuildConfiguration;
			buildSettings = {
				ASSETCATALOG_COMPILER_APPICON_NAME = AppIcon;
				ASSETCATALOG_COMPILER_GLOBAL_ACCENT_COLOR_NAME = AccentColor;
				CODE_SIGN_STYLE = Automatic;
				DEVELOPMENT_ASSET_PATHS = "\"Drawing/Preview Content\"";
				DEVELOPMENT_TEAM = 45SSL5KC89;
				ENABLE_PREVIEWS = YES;
				INFOPLIST_FILE = Drawing/Info.plist;
				LD_RUNPATH_SEARCH_PATHS = (
					"$(inherited)",
					"@executable_path/Frameworks",
				);
				PRODUCT_BUNDLE_IDENTIFIER = com.pogos.anesyan.Drawing;
				PRODUCT_NAME = "$(TARGET_NAME)";
				SWIFT_VERSION = 5.0;
				TARGETED_DEVICE_FAMILY = "1,2";
			};
			name = Debug;
		};
		0494FB87266A03E600CBF443 /* Release */ = {
			isa = XCBuildConfiguration;
			buildSettings = {
				ASSETCATALOG_COMPILER_APPICON_NAME = AppIcon;
				ASSETCATALOG_COMPILER_GLOBAL_ACCENT_COLOR_NAME = AccentColor;
				CODE_SIGN_STYLE = Automatic;
				DEVELOPMENT_ASSET_PATHS = "\"Drawing/Preview Content\"";
				DEVELOPMENT_TEAM = 45SSL5KC89;
				ENABLE_PREVIEWS = YES;
				INFOPLIST_FILE = Drawing/Info.plist;
				LD_RUNPATH_SEARCH_PATHS = (
					"$(inherited)",
					"@executable_path/Frameworks",
				);
				PRODUCT_BUNDLE_IDENTIFIER = com.pogos.anesyan.Drawing;
				PRODUCT_NAME = "$(TARGET_NAME)";
				SWIFT_VERSION = 5.0;
				TARGETED_DEVICE_FAMILY = "1,2";
			};
			name = Release;
		};
/* End XCBuildConfiguration section */

/* Begin XCConfigurationList section */
		0494FB6C266A03E300CBF443 /* Build configuration list for PBXProject "Drawing" */ = {
			isa = XCConfigurationList;
			buildConfigurations = (
				0494FB83266A03E600CBF443 /* Debug */,
				0494FB84266A03E600CBF443 /* Release */,
			);
			defaultConfigurationIsVisible = 0;
			defaultConfigurationName = Release;
		};
		0494FB85266A03E600CBF443 /* Build configuration list for PBXNativeTarget "Drawing" */ = {
			isa = XCConfigurationList;
			buildConfigurations = (
				0494FB86266A03E600CBF443 /* Debug */,
				0494FB87266A03E600CBF443 /* Release */,
			);
			defaultConfigurationIsVisible = 0;
			defaultConfigurationName = Release;
		};
/* End XCConfigurationList section */
	};
	rootObject = 0494FB69266A03E300CBF443 /* Project object */;
}
